// !$*UTF8*$!
{
	archiveVersion = 1;
	classes = {
	};
	objectVersion = 56;
	objects = {

/* Begin PBXBuildFile section */
		30307E1B29E55C6100EC8555 /* Starscream in Frameworks */ = {isa = PBXBuildFile; productRef = 30307E1A29E55C6100EC8555 /* Starscream */; };
		30307E1D29E56DC800EC8555 /* WalletConnectService.swift in Sources */ = {isa = PBXBuildFile; fileRef = 30307E1C29E56DC800EC8555 /* WalletConnectService.swift */; };
		30307E1F29E579F600EC8555 /* QRScannerController.swift in Sources */ = {isa = PBXBuildFile; fileRef = 30307E1E29E579F600EC8555 /* QRScannerController.swift */; };
		30307E2129E57AAD00EC8555 /* QRScannerView.swift in Sources */ = {isa = PBXBuildFile; fileRef = 30307E2029E57AAD00EC8555 /* QRScannerView.swift */; };
		3065EF002A1534EA00A5BAFD /* MethodView.swift in Sources */ = {isa = PBXBuildFile; fileRef = 3065EEFF2A1534EA00A5BAFD /* MethodView.swift */; };
		3098773E2A0E4266009FD559 /* 1155abi.json in Resources */ = {isa = PBXBuildFile; fileRef = 3098773D2A0E4266009FD559 /* 1155abi.json */; };
		309877402A0E474F009FD559 /* ContractService.swift in Sources */ = {isa = PBXBuildFile; fileRef = 3098773F2A0E474F009FD559 /* ContractService.swift */; };
		30B11ABB29C9AE4600A6BBF8 /* Test_WalletApp.swift in Sources */ = {isa = PBXBuildFile; fileRef = 30B11ABA29C9AE4600A6BBF8 /* Test_WalletApp.swift */; };
		30B11ABD29C9AE4600A6BBF8 /* ContentView.swift in Sources */ = {isa = PBXBuildFile; fileRef = 30B11ABC29C9AE4600A6BBF8 /* ContentView.swift */; };
		30B11ABF29C9AE4700A6BBF8 /* Assets.xcassets in Resources */ = {isa = PBXBuildFile; fileRef = 30B11ABE29C9AE4700A6BBF8 /* Assets.xcassets */; };
		30B11AC329C9AE4700A6BBF8 /* Preview Assets.xcassets in Resources */ = {isa = PBXBuildFile; fileRef = 30B11AC229C9AE4700A6BBF8 /* Preview Assets.xcassets */; };
		30B11ACD29C9AE4700A6BBF8 /* Test_WalletTests.swift in Sources */ = {isa = PBXBuildFile; fileRef = 30B11ACC29C9AE4700A6BBF8 /* Test_WalletTests.swift */; };
		30B11AD729C9AE4700A6BBF8 /* Test_WalletUITests.swift in Sources */ = {isa = PBXBuildFile; fileRef = 30B11AD629C9AE4700A6BBF8 /* Test_WalletUITests.swift */; };
		30B11AD929C9AE4700A6BBF8 /* Test_WalletUITestsLaunchTests.swift in Sources */ = {isa = PBXBuildFile; fileRef = 30B11AD829C9AE4700A6BBF8 /* Test_WalletUITestsLaunchTests.swift */; };
		30B11AE729C9B14400A6BBF8 /* Web3 in Frameworks */ = {isa = PBXBuildFile; productRef = 30B11AE629C9B14400A6BBF8 /* Web3 */; };
		30B11AE929C9B14400A6BBF8 /* Web3ContractABI in Frameworks */ = {isa = PBXBuildFile; productRef = 30B11AE829C9B14400A6BBF8 /* Web3ContractABI */; };
		30B11AEB29C9B14400A6BBF8 /* Web3PromiseKit in Frameworks */ = {isa = PBXBuildFile; productRef = 30B11AEA29C9B14400A6BBF8 /* Web3PromiseKit */; };
		30B11AED29C9B1C500A6BBF8 /* ViewModel.swift in Sources */ = {isa = PBXBuildFile; fileRef = 30B11AEC29C9B1C500A6BBF8 /* ViewModel.swift */; };
		30B11AF129C9BB0600A6BBF8 /* PomoNetwork.json in Resources */ = {isa = PBXBuildFile; fileRef = 30B11AF029C9BB0600A6BBF8 /* PomoNetwork.json */; };
		30B11AF329C9BB9600A6BBF8 /* abi.json in Resources */ = {isa = PBXBuildFile; fileRef = 30B11AF229C9BB9600A6BBF8 /* abi.json */; };
		30B11AF629CC5C4600A6BBF8 /* WalletConnect in Frameworks */ = {isa = PBXBuildFile; productRef = 30B11AF529CC5C4600A6BBF8 /* WalletConnect */; };
		30B11AF829CC5C4600A6BBF8 /* WalletConnectAuth in Frameworks */ = {isa = PBXBuildFile; productRef = 30B11AF729CC5C4600A6BBF8 /* WalletConnectAuth */; };
		30B11AFA29CC5C4600A6BBF8 /* WalletConnectChat in Frameworks */ = {isa = PBXBuildFile; productRef = 30B11AF929CC5C4600A6BBF8 /* WalletConnectChat */; };
		30B11AFC29CC5C4600A6BBF8 /* WalletConnectEcho in Frameworks */ = {isa = PBXBuildFile; productRef = 30B11AFB29CC5C4600A6BBF8 /* WalletConnectEcho */; };
		30B11AFE29CC5C4600A6BBF8 /* WalletConnectNetworking in Frameworks */ = {isa = PBXBuildFile; productRef = 30B11AFD29CC5C4600A6BBF8 /* WalletConnectNetworking */; };
		30B11B0029CC5C4600A6BBF8 /* WalletConnectPairing in Frameworks */ = {isa = PBXBuildFile; productRef = 30B11AFF29CC5C4600A6BBF8 /* WalletConnectPairing */; };
		30B11B0229CC5C4600A6BBF8 /* WalletConnectPush in Frameworks */ = {isa = PBXBuildFile; productRef = 30B11B0129CC5C4600A6BBF8 /* WalletConnectPush */; };
		30B11B0429CC5C4600A6BBF8 /* WalletConnectRouter in Frameworks */ = {isa = PBXBuildFile; productRef = 30B11B0329CC5C4600A6BBF8 /* WalletConnectRouter */; };
		30B11B0629CC5C4600A6BBF8 /* WalletConnectVerify in Frameworks */ = {isa = PBXBuildFile; productRef = 30B11B0529CC5C4600A6BBF8 /* WalletConnectVerify */; };
		30B11B0829CC5C4600A6BBF8 /* Web3Inbox in Frameworks */ = {isa = PBXBuildFile; productRef = 30B11B0729CC5C4600A6BBF8 /* Web3Inbox */; };
		30B11B0A29CC5C4600A6BBF8 /* Web3Wallet in Frameworks */ = {isa = PBXBuildFile; productRef = 30B11B0929CC5C4600A6BBF8 /* Web3Wallet */; };
		30C9FD252A0EA5DD00EFB97D /* EtherscanService.swift in Sources */ = {isa = PBXBuildFile; fileRef = 30C9FD242A0EA5DD00EFB97D /* EtherscanService.swift */; };
		30C9FD282A0EA67400EFB97D /* CombineMoya in Frameworks */ = {isa = PBXBuildFile; productRef = 30C9FD272A0EA67400EFB97D /* CombineMoya */; };
		30C9FD2A2A0EA67400EFB97D /* Moya in Frameworks */ = {isa = PBXBuildFile; productRef = 30C9FD292A0EA67400EFB97D /* Moya */; };
		30C9FD2C2A0EA86D00EFB97D /* EtherscanModel.swift in Sources */ = {isa = PBXBuildFile; fileRef = 30C9FD2B2A0EA86D00EFB97D /* EtherscanModel.swift */; };
		30C9FD2E2A0F7B8100EFB97D /* OpenseaService.swift in Sources */ = {isa = PBXBuildFile; fileRef = 30C9FD2D2A0F7B8100EFB97D /* OpenseaService.swift */; };
		30C9FD302A0F7D0A00EFB97D /* OpenseaModel.swift in Sources */ = {isa = PBXBuildFile; fileRef = 30C9FD2F2A0F7D0A00EFB97D /* OpenseaModel.swift */; };
		30C9FD322A115E0000EFB97D /* ApiBasics.swift in Sources */ = {isa = PBXBuildFile; fileRef = 30C9FD312A115E0000EFB97D /* ApiBasics.swift */; };
/* End PBXBuildFile section */

/* Begin PBXContainerItemProxy section */
		30B11AC929C9AE4700A6BBF8 /* PBXContainerItemProxy */ = {
			isa = PBXContainerItemProxy;
			containerPortal = 30B11AAF29C9AE4600A6BBF8 /* Project object */;
			proxyType = 1;
			remoteGlobalIDString = 30B11AB629C9AE4600A6BBF8;
			remoteInfo = "Test Wallet";
		};
		30B11AD329C9AE4700A6BBF8 /* PBXContainerItemProxy */ = {
			isa = PBXContainerItemProxy;
			containerPortal = 30B11AAF29C9AE4600A6BBF8 /* Project object */;
			proxyType = 1;
			remoteGlobalIDString = 30B11AB629C9AE4600A6BBF8;
			remoteInfo = "Test Wallet";
		};
/* End PBXContainerItemProxy section */

/* Begin PBXFileReference section */
		30307E1C29E56DC800EC8555 /* WalletConnectService.swift */ = {isa = PBXFileReference; lastKnownFileType = sourcecode.swift; path = WalletConnectService.swift; sourceTree = "<group>"; };
		30307E1E29E579F600EC8555 /* QRScannerController.swift */ = {isa = PBXFileReference; lastKnownFileType = sourcecode.swift; path = QRScannerController.swift; sourceTree = "<group>"; };
		30307E2029E57AAD00EC8555 /* QRScannerView.swift */ = {isa = PBXFileReference; lastKnownFileType = sourcecode.swift; path = QRScannerView.swift; sourceTree = "<group>"; };
		30307E2229E57B2800EC8555 /* Test WalletDebug.entitlements */ = {isa = PBXFileReference; lastKnownFileType = text.plist.entitlements; path = "Test WalletDebug.entitlements"; sourceTree = "<group>"; };
		3065EEFF2A1534EA00A5BAFD /* MethodView.swift */ = {isa = PBXFileReference; lastKnownFileType = sourcecode.swift; path = MethodView.swift; sourceTree = "<group>"; };
		3098773D2A0E4266009FD559 /* 1155abi.json */ = {isa = PBXFileReference; fileEncoding = 4; lastKnownFileType = text.json; path = 1155abi.json; sourceTree = "<group>"; };
		3098773F2A0E474F009FD559 /* ContractService.swift */ = {isa = PBXFileReference; lastKnownFileType = sourcecode.swift; path = ContractService.swift; sourceTree = "<group>"; };
		30B11AB729C9AE4600A6BBF8 /* Test Wallet.app */ = {isa = PBXFileReference; explicitFileType = wrapper.application; includeInIndex = 0; path = "Test Wallet.app"; sourceTree = BUILT_PRODUCTS_DIR; };
		30B11ABA29C9AE4600A6BBF8 /* Test_WalletApp.swift */ = {isa = PBXFileReference; lastKnownFileType = sourcecode.swift; path = Test_WalletApp.swift; sourceTree = "<group>"; };
		30B11ABC29C9AE4600A6BBF8 /* ContentView.swift */ = {isa = PBXFileReference; lastKnownFileType = sourcecode.swift; path = ContentView.swift; sourceTree = "<group>"; };
		30B11ABE29C9AE4700A6BBF8 /* Assets.xcassets */ = {isa = PBXFileReference; lastKnownFileType = folder.assetcatalog; path = Assets.xcassets; sourceTree = "<group>"; };
		30B11AC029C9AE4700A6BBF8 /* Test_Wallet.entitlements */ = {isa = PBXFileReference; lastKnownFileType = text.plist.entitlements; path = Test_Wallet.entitlements; sourceTree = "<group>"; };
		30B11AC229C9AE4700A6BBF8 /* Preview Assets.xcassets */ = {isa = PBXFileReference; lastKnownFileType = folder.assetcatalog; path = "Preview Assets.xcassets"; sourceTree = "<group>"; };
		30B11AC829C9AE4700A6BBF8 /* Test WalletTests.xctest */ = {isa = PBXFileReference; explicitFileType = wrapper.cfbundle; includeInIndex = 0; path = "Test WalletTests.xctest"; sourceTree = BUILT_PRODUCTS_DIR; };
		30B11ACC29C9AE4700A6BBF8 /* Test_WalletTests.swift */ = {isa = PBXFileReference; lastKnownFileType = sourcecode.swift; path = Test_WalletTests.swift; sourceTree = "<group>"; };
		30B11AD229C9AE4700A6BBF8 /* Test WalletUITests.xctest */ = {isa = PBXFileReference; explicitFileType = wrapper.cfbundle; includeInIndex = 0; path = "Test WalletUITests.xctest"; sourceTree = BUILT_PRODUCTS_DIR; };
		30B11AD629C9AE4700A6BBF8 /* Test_WalletUITests.swift */ = {isa = PBXFileReference; lastKnownFileType = sourcecode.swift; path = Test_WalletUITests.swift; sourceTree = "<group>"; };
		30B11AD829C9AE4700A6BBF8 /* Test_WalletUITestsLaunchTests.swift */ = {isa = PBXFileReference; lastKnownFileType = sourcecode.swift; path = Test_WalletUITestsLaunchTests.swift; sourceTree = "<group>"; };
		30B11AEC29C9B1C500A6BBF8 /* ViewModel.swift */ = {isa = PBXFileReference; lastKnownFileType = sourcecode.swift; path = ViewModel.swift; sourceTree = "<group>"; };
		30B11AF029C9BB0600A6BBF8 /* PomoNetwork.json */ = {isa = PBXFileReference; fileEncoding = 4; lastKnownFileType = text.json; path = PomoNetwork.json; sourceTree = "<group>"; };
		30B11AF229C9BB9600A6BBF8 /* abi.json */ = {isa = PBXFileReference; lastKnownFileType = text.json; path = abi.json; sourceTree = "<group>"; };
		30B11B0B29CD480300A6BBF8 /* Test-Wallet-Info.plist */ = {isa = PBXFileReference; lastKnownFileType = text.plist; path = "Test-Wallet-Info.plist"; sourceTree = SOURCE_ROOT; };
		30C9FD242A0EA5DD00EFB97D /* EtherscanService.swift */ = {isa = PBXFileReference; lastKnownFileType = sourcecode.swift; path = EtherscanService.swift; sourceTree = "<group>"; };
		30C9FD2B2A0EA86D00EFB97D /* EtherscanModel.swift */ = {isa = PBXFileReference; lastKnownFileType = sourcecode.swift; path = EtherscanModel.swift; sourceTree = "<group>"; };
		30C9FD2D2A0F7B8100EFB97D /* OpenseaService.swift */ = {isa = PBXFileReference; lastKnownFileType = sourcecode.swift; path = OpenseaService.swift; sourceTree = "<group>"; };
		30C9FD2F2A0F7D0A00EFB97D /* OpenseaModel.swift */ = {isa = PBXFileReference; lastKnownFileType = sourcecode.swift; path = OpenseaModel.swift; sourceTree = "<group>"; };
		30C9FD312A115E0000EFB97D /* ApiBasics.swift */ = {isa = PBXFileReference; lastKnownFileType = sourcecode.swift; path = ApiBasics.swift; sourceTree = "<group>"; };
/* End PBXFileReference section */

/* Begin PBXFrameworksBuildPhase section */
		30B11AB429C9AE4600A6BBF8 /* Frameworks */ = {
			isa = PBXFrameworksBuildPhase;
			buildActionMask = 2147483647;
			files = (
				30C9FD2A2A0EA67400EFB97D /* Moya in Frameworks */,
				30B11B0829CC5C4600A6BBF8 /* Web3Inbox in Frameworks */,
				30B11AF629CC5C4600A6BBF8 /* WalletConnect in Frameworks */,
				30B11AE929C9B14400A6BBF8 /* Web3ContractABI in Frameworks */,
				30B11B0429CC5C4600A6BBF8 /* WalletConnectRouter in Frameworks */,
				30B11B0629CC5C4600A6BBF8 /* WalletConnectVerify in Frameworks */,
				30B11B0229CC5C4600A6BBF8 /* WalletConnectPush in Frameworks */,
				30B11AFE29CC5C4600A6BBF8 /* WalletConnectNetworking in Frameworks */,
				30B11AFA29CC5C4600A6BBF8 /* WalletConnectChat in Frameworks */,
				30307E1B29E55C6100EC8555 /* Starscream in Frameworks */,
				30B11B0029CC5C4600A6BBF8 /* WalletConnectPairing in Frameworks */,
				30B11AEB29C9B14400A6BBF8 /* Web3PromiseKit in Frameworks */,
				30B11AF829CC5C4600A6BBF8 /* WalletConnectAuth in Frameworks */,
				30B11AFC29CC5C4600A6BBF8 /* WalletConnectEcho in Frameworks */,
				30B11B0A29CC5C4600A6BBF8 /* Web3Wallet in Frameworks */,
				30C9FD282A0EA67400EFB97D /* CombineMoya in Frameworks */,
				30B11AE729C9B14400A6BBF8 /* Web3 in Frameworks */,
			);
			runOnlyForDeploymentPostprocessing = 0;
		};
		30B11AC529C9AE4700A6BBF8 /* Frameworks */ = {
			isa = PBXFrameworksBuildPhase;
			buildActionMask = 2147483647;
			files = (
			);
			runOnlyForDeploymentPostprocessing = 0;
		};
		30B11ACF29C9AE4700A6BBF8 /* Frameworks */ = {
			isa = PBXFrameworksBuildPhase;
			buildActionMask = 2147483647;
			files = (
			);
			runOnlyForDeploymentPostprocessing = 0;
		};
/* End PBXFrameworksBuildPhase section */

/* Begin PBXGroup section */
		30B11AAE29C9AE4600A6BBF8 = {
			isa = PBXGroup;
			children = (
				30B11AF229C9BB9600A6BBF8 /* abi.json */,
				3098773D2A0E4266009FD559 /* 1155abi.json */,
				30B11AF029C9BB0600A6BBF8 /* PomoNetwork.json */,
				30B11AB929C9AE4600A6BBF8 /* Test Wallet */,
				30B11ACB29C9AE4700A6BBF8 /* Test WalletTests */,
				30B11AD529C9AE4700A6BBF8 /* Test WalletUITests */,
				30B11AB829C9AE4600A6BBF8 /* Products */,
			);
			sourceTree = "<group>";
		};
		30B11AB829C9AE4600A6BBF8 /* Products */ = {
			isa = PBXGroup;
			children = (
				30B11AB729C9AE4600A6BBF8 /* Test Wallet.app */,
				30B11AC829C9AE4700A6BBF8 /* Test WalletTests.xctest */,
				30B11AD229C9AE4700A6BBF8 /* Test WalletUITests.xctest */,
			);
			name = Products;
			sourceTree = "<group>";
		};
		30B11AB929C9AE4600A6BBF8 /* Test Wallet */ = {
			isa = PBXGroup;
			children = (
				30307E2229E57B2800EC8555 /* Test WalletDebug.entitlements */,
				30B11B0B29CD480300A6BBF8 /* Test-Wallet-Info.plist */,
				30B11ABA29C9AE4600A6BBF8 /* Test_WalletApp.swift */,
				30B11ABC29C9AE4600A6BBF8 /* ContentView.swift */,
				30B11ABE29C9AE4700A6BBF8 /* Assets.xcassets */,
				30B11AC029C9AE4700A6BBF8 /* Test_Wallet.entitlements */,
				30B11AC129C9AE4700A6BBF8 /* Preview Content */,
				30B11AEC29C9B1C500A6BBF8 /* ViewModel.swift */,
				30307E1C29E56DC800EC8555 /* WalletConnectService.swift */,
				3098773F2A0E474F009FD559 /* ContractService.swift */,
				30C9FD312A115E0000EFB97D /* ApiBasics.swift */,
				30C9FD242A0EA5DD00EFB97D /* EtherscanService.swift */,
				30C9FD2B2A0EA86D00EFB97D /* EtherscanModel.swift */,
				30C9FD2D2A0F7B8100EFB97D /* OpenseaService.swift */,
				30C9FD2F2A0F7D0A00EFB97D /* OpenseaModel.swift */,
				3065EEFF2A1534EA00A5BAFD /* MethodView.swift */,
				30307E1E29E579F600EC8555 /* QRScannerController.swift */,
				30307E2029E57AAD00EC8555 /* QRScannerView.swift */,
			);
			path = "Test Wallet";
			sourceTree = "<group>";
		};
		30B11AC129C9AE4700A6BBF8 /* Preview Content */ = {
			isa = PBXGroup;
			children = (
				30B11AC229C9AE4700A6BBF8 /* Preview Assets.xcassets */,
			);
			path = "Preview Content";
			sourceTree = "<group>";
		};
		30B11ACB29C9AE4700A6BBF8 /* Test WalletTests */ = {
			isa = PBXGroup;
			children = (
				30B11ACC29C9AE4700A6BBF8 /* Test_WalletTests.swift */,
			);
			path = "Test WalletTests";
			sourceTree = "<group>";
		};
		30B11AD529C9AE4700A6BBF8 /* Test WalletUITests */ = {
			isa = PBXGroup;
			children = (
				30B11AD629C9AE4700A6BBF8 /* Test_WalletUITests.swift */,
				30B11AD829C9AE4700A6BBF8 /* Test_WalletUITestsLaunchTests.swift */,
			);
			path = "Test WalletUITests";
			sourceTree = "<group>";
		};
/* End PBXGroup section */

/* Begin PBXNativeTarget section */
		30B11AB629C9AE4600A6BBF8 /* Test Wallet */ = {
			isa = PBXNativeTarget;
			buildConfigurationList = 30B11ADC29C9AE4700A6BBF8 /* Build configuration list for PBXNativeTarget "Test Wallet" */;
			buildPhases = (
				30B11AB329C9AE4600A6BBF8 /* Sources */,
				30B11AB429C9AE4600A6BBF8 /* Frameworks */,
				30B11AB529C9AE4600A6BBF8 /* Resources */,
			);
			buildRules = (
			);
			dependencies = (
			);
			name = "Test Wallet";
			packageProductDependencies = (
				30B11AE629C9B14400A6BBF8 /* Web3 */,
				30B11AE829C9B14400A6BBF8 /* Web3ContractABI */,
				30B11AEA29C9B14400A6BBF8 /* Web3PromiseKit */,
				30B11AF529CC5C4600A6BBF8 /* WalletConnect */,
				30B11AF729CC5C4600A6BBF8 /* WalletConnectAuth */,
				30B11AF929CC5C4600A6BBF8 /* WalletConnectChat */,
				30B11AFB29CC5C4600A6BBF8 /* WalletConnectEcho */,
				30B11AFD29CC5C4600A6BBF8 /* WalletConnectNetworking */,
				30B11AFF29CC5C4600A6BBF8 /* WalletConnectPairing */,
				30B11B0129CC5C4600A6BBF8 /* WalletConnectPush */,
				30B11B0329CC5C4600A6BBF8 /* WalletConnectRouter */,
				30B11B0529CC5C4600A6BBF8 /* WalletConnectVerify */,
				30B11B0729CC5C4600A6BBF8 /* Web3Inbox */,
				30B11B0929CC5C4600A6BBF8 /* Web3Wallet */,
				30307E1A29E55C6100EC8555 /* Starscream */,
				30C9FD272A0EA67400EFB97D /* CombineMoya */,
				30C9FD292A0EA67400EFB97D /* Moya */,
			);
			productName = "Test Wallet";
			productReference = 30B11AB729C9AE4600A6BBF8 /* Test Wallet.app */;
			productType = "com.apple.product-type.application";
		};
		30B11AC729C9AE4700A6BBF8 /* Test WalletTests */ = {
			isa = PBXNativeTarget;
			buildConfigurationList = 30B11ADF29C9AE4700A6BBF8 /* Build configuration list for PBXNativeTarget "Test WalletTests" */;
			buildPhases = (
				30B11AC429C9AE4700A6BBF8 /* Sources */,
				30B11AC529C9AE4700A6BBF8 /* Frameworks */,
				30B11AC629C9AE4700A6BBF8 /* Resources */,
			);
			buildRules = (
			);
			dependencies = (
				30B11ACA29C9AE4700A6BBF8 /* PBXTargetDependency */,
			);
			name = "Test WalletTests";
			productName = "Test WalletTests";
			productReference = 30B11AC829C9AE4700A6BBF8 /* Test WalletTests.xctest */;
			productType = "com.apple.product-type.bundle.unit-test";
		};
		30B11AD129C9AE4700A6BBF8 /* Test WalletUITests */ = {
			isa = PBXNativeTarget;
			buildConfigurationList = 30B11AE229C9AE4700A6BBF8 /* Build configuration list for PBXNativeTarget "Test WalletUITests" */;
			buildPhases = (
				30B11ACE29C9AE4700A6BBF8 /* Sources */,
				30B11ACF29C9AE4700A6BBF8 /* Frameworks */,
				30B11AD029C9AE4700A6BBF8 /* Resources */,
			);
			buildRules = (
			);
			dependencies = (
				30B11AD429C9AE4700A6BBF8 /* PBXTargetDependency */,
			);
			name = "Test WalletUITests";
			productName = "Test WalletUITests";
			productReference = 30B11AD229C9AE4700A6BBF8 /* Test WalletUITests.xctest */;
			productType = "com.apple.product-type.bundle.ui-testing";
		};
/* End PBXNativeTarget section */

/* Begin PBXProject section */
		30B11AAF29C9AE4600A6BBF8 /* Project object */ = {
			isa = PBXProject;
			attributes = {
				BuildIndependentTargetsInParallel = 1;
				LastSwiftUpdateCheck = 1420;
				LastUpgradeCheck = 1430;
				TargetAttributes = {
					30B11AB629C9AE4600A6BBF8 = {
						CreatedOnToolsVersion = 14.2;
					};
					30B11AC729C9AE4700A6BBF8 = {
						CreatedOnToolsVersion = 14.2;
						TestTargetID = 30B11AB629C9AE4600A6BBF8;
					};
					30B11AD129C9AE4700A6BBF8 = {
						CreatedOnToolsVersion = 14.2;
						TestTargetID = 30B11AB629C9AE4600A6BBF8;
					};
				};
			};
			buildConfigurationList = 30B11AB229C9AE4600A6BBF8 /* Build configuration list for PBXProject "Test Wallet" */;
			compatibilityVersion = "Xcode 14.0";
			developmentRegion = en;
			hasScannedForEncodings = 0;
			knownRegions = (
				en,
				Base,
			);
			mainGroup = 30B11AAE29C9AE4600A6BBF8;
			packageReferences = (
				30B11AE529C9B14400A6BBF8 /* XCRemoteSwiftPackageReference "Web3.swift" */,
				30B11AF429CC5C4600A6BBF8 /* XCRemoteSwiftPackageReference "WalletConnectSwiftV2" */,
				30307E1929E55C6100EC8555 /* XCRemoteSwiftPackageReference "Starscream" */,
				30C9FD262A0EA67400EFB97D /* XCRemoteSwiftPackageReference "Moya" */,
			);
			productRefGroup = 30B11AB829C9AE4600A6BBF8 /* Products */;
			projectDirPath = "";
			projectRoot = "";
			targets = (
				30B11AB629C9AE4600A6BBF8 /* Test Wallet */,
				30B11AC729C9AE4700A6BBF8 /* Test WalletTests */,
				30B11AD129C9AE4700A6BBF8 /* Test WalletUITests */,
			);
		};
/* End PBXProject section */

/* Begin PBXResourcesBuildPhase section */
		30B11AB529C9AE4600A6BBF8 /* Resources */ = {
			isa = PBXResourcesBuildPhase;
			buildActionMask = 2147483647;
			files = (
				30B11AF329C9BB9600A6BBF8 /* abi.json in Resources */,
				30B11AF129C9BB0600A6BBF8 /* PomoNetwork.json in Resources */,
				30B11AC329C9AE4700A6BBF8 /* Preview Assets.xcassets in Resources */,
				30B11ABF29C9AE4700A6BBF8 /* Assets.xcassets in Resources */,
				3098773E2A0E4266009FD559 /* 1155abi.json in Resources */,
			);
			runOnlyForDeploymentPostprocessing = 0;
		};
		30B11AC629C9AE4700A6BBF8 /* Resources */ = {
			isa = PBXResourcesBuildPhase;
			buildActionMask = 2147483647;
			files = (
			);
			runOnlyForDeploymentPostprocessing = 0;
		};
		30B11AD029C9AE4700A6BBF8 /* Resources */ = {
			isa = PBXResourcesBuildPhase;
			buildActionMask = 2147483647;
			files = (
			);
			runOnlyForDeploymentPostprocessing = 0;
		};
/* End PBXResourcesBuildPhase section */

/* Begin PBXSourcesBuildPhase section */
		30B11AB329C9AE4600A6BBF8 /* Sources */ = {
			isa = PBXSourcesBuildPhase;
			buildActionMask = 2147483647;
			files = (
				30B11ABD29C9AE4600A6BBF8 /* ContentView.swift in Sources */,
				30307E1D29E56DC800EC8555 /* WalletConnectService.swift in Sources */,
				30307E1F29E579F600EC8555 /* QRScannerController.swift in Sources */,
				30C9FD302A0F7D0A00EFB97D /* OpenseaModel.swift in Sources */,
				30B11AED29C9B1C500A6BBF8 /* ViewModel.swift in Sources */,
				30C9FD2C2A0EA86D00EFB97D /* EtherscanModel.swift in Sources */,
				3065EF002A1534EA00A5BAFD /* MethodView.swift in Sources */,
				309877402A0E474F009FD559 /* ContractService.swift in Sources */,
				30307E2129E57AAD00EC8555 /* QRScannerView.swift in Sources */,
				30C9FD2E2A0F7B8100EFB97D /* OpenseaService.swift in Sources */,
				30C9FD322A115E0000EFB97D /* ApiBasics.swift in Sources */,
				30B11ABB29C9AE4600A6BBF8 /* Test_WalletApp.swift in Sources */,
				30C9FD252A0EA5DD00EFB97D /* EtherscanService.swift in Sources */,
			);
			runOnlyForDeploymentPostprocessing = 0;
		};
		30B11AC429C9AE4700A6BBF8 /* Sources */ = {
			isa = PBXSourcesBuildPhase;
			buildActionMask = 2147483647;
			files = (
				30B11ACD29C9AE4700A6BBF8 /* Test_WalletTests.swift in Sources */,
			);
			runOnlyForDeploymentPostprocessing = 0;
		};
		30B11ACE29C9AE4700A6BBF8 /* Sources */ = {
			isa = PBXSourcesBuildPhase;
			buildActionMask = 2147483647;
			files = (
				30B11AD729C9AE4700A6BBF8 /* Test_WalletUITests.swift in Sources */,
				30B11AD929C9AE4700A6BBF8 /* Test_WalletUITestsLaunchTests.swift in Sources */,
			);
			runOnlyForDeploymentPostprocessing = 0;
		};
/* End PBXSourcesBuildPhase section */

/* Begin PBXTargetDependency section */
		30B11ACA29C9AE4700A6BBF8 /* PBXTargetDependency */ = {
			isa = PBXTargetDependency;
			target = 30B11AB629C9AE4600A6BBF8 /* Test Wallet */;
			targetProxy = 30B11AC929C9AE4700A6BBF8 /* PBXContainerItemProxy */;
		};
		30B11AD429C9AE4700A6BBF8 /* PBXTargetDependency */ = {
			isa = PBXTargetDependency;
			target = 30B11AB629C9AE4600A6BBF8 /* Test Wallet */;
			targetProxy = 30B11AD329C9AE4700A6BBF8 /* PBXContainerItemProxy */;
		};
/* End PBXTargetDependency section */

/* Begin XCBuildConfiguration section */
		30B11ADA29C9AE4700A6BBF8 /* Debug */ = {
			isa = XCBuildConfiguration;
			buildSettings = {
				ALWAYS_SEARCH_USER_PATHS = NO;
				CLANG_ANALYZER_NONNULL = YES;
				CLANG_ANALYZER_NUMBER_OBJECT_CONVERSION = YES_AGGRESSIVE;
				CLANG_CXX_LANGUAGE_STANDARD = "gnu++20";
				CLANG_ENABLE_MODULES = YES;
				CLANG_ENABLE_OBJC_ARC = YES;
				CLANG_ENABLE_OBJC_WEAK = YES;
				CLANG_WARN_BLOCK_CAPTURE_AUTORELEASING = YES;
				CLANG_WARN_BOOL_CONVERSION = YES;
				CLANG_WARN_COMMA = YES;
				CLANG_WARN_CONSTANT_CONVERSION = YES;
				CLANG_WARN_DEPRECATED_OBJC_IMPLEMENTATIONS = YES;
				CLANG_WARN_DIRECT_OBJC_ISA_USAGE = YES_ERROR;
				CLANG_WARN_DOCUMENTATION_COMMENTS = YES;
				CLANG_WARN_EMPTY_BODY = YES;
				CLANG_WARN_ENUM_CONVERSION = YES;
				CLANG_WARN_INFINITE_RECURSION = YES;
				CLANG_WARN_INT_CONVERSION = YES;
				CLANG_WARN_NON_LITERAL_NULL_CONVERSION = YES;
				CLANG_WARN_OBJC_IMPLICIT_RETAIN_SELF = YES;
				CLANG_WARN_OBJC_LITERAL_CONVERSION = YES;
				CLANG_WARN_OBJC_ROOT_CLASS = YES_ERROR;
				CLANG_WARN_QUOTED_INCLUDE_IN_FRAMEWORK_HEADER = YES;
				CLANG_WARN_RANGE_LOOP_ANALYSIS = YES;
				CLANG_WARN_STRICT_PROTOTYPES = YES;
				CLANG_WARN_SUSPICIOUS_MOVE = YES;
				CLANG_WARN_UNGUARDED_AVAILABILITY = YES_AGGRESSIVE;
				CLANG_WARN_UNREACHABLE_CODE = YES;
				CLANG_WARN__DUPLICATE_METHOD_MATCH = YES;
				COPY_PHASE_STRIP = NO;
				DEAD_CODE_STRIPPING = YES;
				DEBUG_INFORMATION_FORMAT = dwarf;
				ENABLE_STRICT_OBJC_MSGSEND = YES;
				ENABLE_TESTABILITY = YES;
				GCC_C_LANGUAGE_STANDARD = gnu11;
				GCC_DYNAMIC_NO_PIC = NO;
				GCC_NO_COMMON_BLOCKS = YES;
				GCC_OPTIMIZATION_LEVEL = 0;
				GCC_PREPROCESSOR_DEFINITIONS = (
					"DEBUG=1",
					"$(inherited)",
				);
				GCC_WARN_64_TO_32_BIT_CONVERSION = YES;
				GCC_WARN_ABOUT_RETURN_TYPE = YES_ERROR;
				GCC_WARN_UNDECLARED_SELECTOR = YES;
				GCC_WARN_UNINITIALIZED_AUTOS = YES_AGGRESSIVE;
				GCC_WARN_UNUSED_FUNCTION = YES;
				GCC_WARN_UNUSED_VARIABLE = YES;
				MTL_ENABLE_DEBUG_INFO = INCLUDE_SOURCE;
				MTL_FAST_MATH = YES;
				ONLY_ACTIVE_ARCH = YES;
				SWIFT_ACTIVE_COMPILATION_CONDITIONS = DEBUG;
				SWIFT_OPTIMIZATION_LEVEL = "-Onone";
			};
			name = Debug;
		};
		30B11ADB29C9AE4700A6BBF8 /* Release */ = {
			isa = XCBuildConfiguration;
			buildSettings = {
				ALWAYS_SEARCH_USER_PATHS = NO;
				CLANG_ANALYZER_NONNULL = YES;
				CLANG_ANALYZER_NUMBER_OBJECT_CONVERSION = YES_AGGRESSIVE;
				CLANG_CXX_LANGUAGE_STANDARD = "gnu++20";
				CLANG_ENABLE_MODULES = YES;
				CLANG_ENABLE_OBJC_ARC = YES;
				CLANG_ENABLE_OBJC_WEAK = YES;
				CLANG_WARN_BLOCK_CAPTURE_AUTORELEASING = YES;
				CLANG_WARN_BOOL_CONVERSION = YES;
				CLANG_WARN_COMMA = YES;
				CLANG_WARN_CONSTANT_CONVERSION = YES;
				CLANG_WARN_DEPRECATED_OBJC_IMPLEMENTATIONS = YES;
				CLANG_WARN_DIRECT_OBJC_ISA_USAGE = YES_ERROR;
				CLANG_WARN_DOCUMENTATION_COMMENTS = YES;
				CLANG_WARN_EMPTY_BODY = YES;
				CLANG_WARN_ENUM_CONVERSION = YES;
				CLANG_WARN_INFINITE_RECURSION = YES;
				CLANG_WARN_INT_CONVERSION = YES;
				CLANG_WARN_NON_LITERAL_NULL_CONVERSION = YES;
				CLANG_WARN_OBJC_IMPLICIT_RETAIN_SELF = YES;
				CLANG_WARN_OBJC_LITERAL_CONVERSION = YES;
				CLANG_WARN_OBJC_ROOT_CLASS = YES_ERROR;
				CLANG_WARN_QUOTED_INCLUDE_IN_FRAMEWORK_HEADER = YES;
				CLANG_WARN_RANGE_LOOP_ANALYSIS = YES;
				CLANG_WARN_STRICT_PROTOTYPES = YES;
				CLANG_WARN_SUSPICIOUS_MOVE = YES;
				CLANG_WARN_UNGUARDED_AVAILABILITY = YES_AGGRESSIVE;
				CLANG_WARN_UNREACHABLE_CODE = YES;
				CLANG_WARN__DUPLICATE_METHOD_MATCH = YES;
				COPY_PHASE_STRIP = NO;
				DEAD_CODE_STRIPPING = YES;
				DEBUG_INFORMATION_FORMAT = "dwarf-with-dsym";
				ENABLE_NS_ASSERTIONS = NO;
				ENABLE_STRICT_OBJC_MSGSEND = YES;
				GCC_C_LANGUAGE_STANDARD = gnu11;
				GCC_NO_COMMON_BLOCKS = YES;
				GCC_WARN_64_TO_32_BIT_CONVERSION = YES;
				GCC_WARN_ABOUT_RETURN_TYPE = YES_ERROR;
				GCC_WARN_UNDECLARED_SELECTOR = YES;
				GCC_WARN_UNINITIALIZED_AUTOS = YES_AGGRESSIVE;
				GCC_WARN_UNUSED_FUNCTION = YES;
				GCC_WARN_UNUSED_VARIABLE = YES;
				MTL_ENABLE_DEBUG_INFO = NO;
				MTL_FAST_MATH = YES;
				SWIFT_COMPILATION_MODE = wholemodule;
				SWIFT_OPTIMIZATION_LEVEL = "-O";
			};
			name = Release;
		};
		30B11ADD29C9AE4700A6BBF8 /* Debug */ = {
			isa = XCBuildConfiguration;
			buildSettings = {
				ASSETCATALOG_COMPILER_APPICON_NAME = AppIcon;
				ASSETCATALOG_COMPILER_GLOBAL_ACCENT_COLOR_NAME = AccentColor;
				CODE_SIGN_ENTITLEMENTS = "Test Wallet/Test WalletDebug.entitlements";
				CODE_SIGN_STYLE = Automatic;
				CURRENT_PROJECT_VERSION = 1;
				DEAD_CODE_STRIPPING = YES;
				DEVELOPMENT_ASSET_PATHS = "\"Test Wallet/Preview Content\"";
				DEVELOPMENT_TEAM = 4C6PALJQLW;
				ENABLE_HARDENED_RUNTIME = YES;
				ENABLE_PREVIEWS = YES;
				GENERATE_INFOPLIST_FILE = YES;
				INFOPLIST_FILE = "Test-Wallet-Info.plist";
				INFOPLIST_KEY_NSCameraUsageDescription = "We need to access your camera for scanning QR code";
				"INFOPLIST_KEY_UIApplicationSceneManifest_Generation[sdk=iphoneos*]" = YES;
				"INFOPLIST_KEY_UIApplicationSceneManifest_Generation[sdk=iphonesimulator*]" = YES;
				"INFOPLIST_KEY_UIApplicationSupportsIndirectInputEvents[sdk=iphoneos*]" = YES;
				"INFOPLIST_KEY_UIApplicationSupportsIndirectInputEvents[sdk=iphonesimulator*]" = YES;
				"INFOPLIST_KEY_UILaunchScreen_Generation[sdk=iphoneos*]" = YES;
				"INFOPLIST_KEY_UILaunchScreen_Generation[sdk=iphonesimulator*]" = YES;
				"INFOPLIST_KEY_UIStatusBarStyle[sdk=iphoneos*]" = UIStatusBarStyleDefault;
				"INFOPLIST_KEY_UIStatusBarStyle[sdk=iphonesimulator*]" = UIStatusBarStyleDefault;
				INFOPLIST_KEY_UISupportedInterfaceOrientations = UIInterfaceOrientationPortrait;
				INFOPLIST_KEY_UISupportedInterfaceOrientations_iPad = "UIInterfaceOrientationLandscapeLeft UIInterfaceOrientationLandscapeRight UIInterfaceOrientationPortrait UIInterfaceOrientationPortraitUpsideDown";
				IPHONEOS_DEPLOYMENT_TARGET = 16.2;
				LD_RUNPATH_SEARCH_PATHS = "@executable_path/Frameworks";
				"LD_RUNPATH_SEARCH_PATHS[sdk=macosx*]" = "@executable_path/../Frameworks";
				MACOSX_DEPLOYMENT_TARGET = 13.1;
				MARKETING_VERSION = 1.0;
				PRODUCT_BUNDLE_IDENTIFIER = "pomo.network.test-wallet";
				PRODUCT_NAME = "$(TARGET_NAME)";
				SDKROOT = auto;
				SUPPORTED_PLATFORMS = "iphoneos iphonesimulator macosx";
				SUPPORTS_MACCATALYST = NO;
				SUPPORTS_MAC_DESIGNED_FOR_IPHONE_IPAD = NO;
				SWIFT_EMIT_LOC_STRINGS = YES;
				SWIFT_VERSION = 5.0;
				TARGETED_DEVICE_FAMILY = 1;
			};
			name = Debug;
		};
		30B11ADE29C9AE4700A6BBF8 /* Release */ = {
			isa = XCBuildConfiguration;
			buildSettings = {
				ASSETCATALOG_COMPILER_APPICON_NAME = AppIcon;
				ASSETCATALOG_COMPILER_GLOBAL_ACCENT_COLOR_NAME = AccentColor;
				CODE_SIGN_ENTITLEMENTS = "Test Wallet/Test_Wallet.entitlements";
				CODE_SIGN_STYLE = Automatic;
				CURRENT_PROJECT_VERSION = 1;
				DEAD_CODE_STRIPPING = YES;
				DEVELOPMENT_ASSET_PATHS = "\"Test Wallet/Preview Content\"";
				DEVELOPMENT_TEAM = 4C6PALJQLW;
				ENABLE_HARDENED_RUNTIME = YES;
				ENABLE_PREVIEWS = YES;
				GENERATE_INFOPLIST_FILE = YES;
				INFOPLIST_FILE = "Test-Wallet-Info.plist";
				INFOPLIST_KEY_NSCameraUsageDescription = "We need to access your camera for scanning QR code";
				"INFOPLIST_KEY_UIApplicationSceneManifest_Generation[sdk=iphoneos*]" = YES;
				"INFOPLIST_KEY_UIApplicationSceneManifest_Generation[sdk=iphonesimulator*]" = YES;
				"INFOPLIST_KEY_UIApplicationSupportsIndirectInputEvents[sdk=iphoneos*]" = YES;
				"INFOPLIST_KEY_UIApplicationSupportsIndirectInputEvents[sdk=iphonesimulator*]" = YES;
				"INFOPLIST_KEY_UILaunchScreen_Generation[sdk=iphoneos*]" = YES;
				"INFOPLIST_KEY_UILaunchScreen_Generation[sdk=iphonesimulator*]" = YES;
				"INFOPLIST_KEY_UIStatusBarStyle[sdk=iphoneos*]" = UIStatusBarStyleDefault;
				"INFOPLIST_KEY_UIStatusBarStyle[sdk=iphonesimulator*]" = UIStatusBarStyleDefault;
				INFOPLIST_KEY_UISupportedInterfaceOrientations = UIInterfaceOrientationPortrait;
				INFOPLIST_KEY_UISupportedInterfaceOrientations_iPad = "UIInterfaceOrientationLandscapeLeft UIInterfaceOrientationLandscapeRight UIInterfaceOrientationPortrait UIInterfaceOrientationPortraitUpsideDown";
				IPHONEOS_DEPLOYMENT_TARGET = 16.2;
				LD_RUNPATH_SEARCH_PATHS = "@executable_path/Frameworks";
				"LD_RUNPATH_SEARCH_PATHS[sdk=macosx*]" = "@executable_path/../Frameworks";
				MACOSX_DEPLOYMENT_TARGET = 13.1;
				MARKETING_VERSION = 1.0;
				PRODUCT_BUNDLE_IDENTIFIER = "pomo.network.test-wallet";
				PRODUCT_NAME = "$(TARGET_NAME)";
				SDKROOT = auto;
				SUPPORTED_PLATFORMS = "iphoneos iphonesimulator macosx";
				SUPPORTS_MACCATALYST = NO;
				SUPPORTS_MAC_DESIGNED_FOR_IPHONE_IPAD = NO;
				SWIFT_EMIT_LOC_STRINGS = YES;
				SWIFT_VERSION = 5.0;
				TARGETED_DEVICE_FAMILY = 1;
			};
			name = Release;
		};
		30B11AE029C9AE4700A6BBF8 /* Debug */ = {
			isa = XCBuildConfiguration;
			buildSettings = {
				ALWAYS_EMBED_SWIFT_STANDARD_LIBRARIES = YES;
				BUNDLE_LOADER = "$(TEST_HOST)";
				CODE_SIGN_STYLE = Automatic;
				CURRENT_PROJECT_VERSION = 1;
				DEAD_CODE_STRIPPING = YES;
				DEVELOPMENT_TEAM = RRJJL9M4MV;
				GENERATE_INFOPLIST_FILE = YES;
				IPHONEOS_DEPLOYMENT_TARGET = 16.2;
				MACOSX_DEPLOYMENT_TARGET = 13.1;
				MARKETING_VERSION = 1.0;
				PRODUCT_BUNDLE_IDENTIFIER = "iresh.studio.Test-WalletTests";
				PRODUCT_NAME = "$(TARGET_NAME)";
				SDKROOT = auto;
				SUPPORTED_PLATFORMS = "iphoneos iphonesimulator macosx";
				SWIFT_EMIT_LOC_STRINGS = NO;
				SWIFT_VERSION = 5.0;
				TARGETED_DEVICE_FAMILY = "1,2";
				TEST_HOST = "$(BUILT_PRODUCTS_DIR)/Test Wallet.app/$(BUNDLE_EXECUTABLE_FOLDER_PATH)/Test Wallet";
			};
			name = Debug;
		};
		30B11AE129C9AE4700A6BBF8 /* Release */ = {
			isa = XCBuildConfiguration;
			buildSettings = {
				ALWAYS_EMBED_SWIFT_STANDARD_LIBRARIES = YES;
				BUNDLE_LOADER = "$(TEST_HOST)";
				CODE_SIGN_STYLE = Automatic;
				CURRENT_PROJECT_VERSION = 1;
				DEAD_CODE_STRIPPING = YES;
				DEVELOPMENT_TEAM = RRJJL9M4MV;
				GENERATE_INFOPLIST_FILE = YES;
				IPHONEOS_DEPLOYMENT_TARGET = 16.2;
				MACOSX_DEPLOYMENT_TARGET = 13.1;
				MARKETING_VERSION = 1.0;
				PRODUCT_BUNDLE_IDENTIFIER = "iresh.studio.Test-WalletTests";
				PRODUCT_NAME = "$(TARGET_NAME)";
				SDKROOT = auto;
				SUPPORTED_PLATFORMS = "iphoneos iphonesimulator macosx";
				SWIFT_EMIT_LOC_STRINGS = NO;
				SWIFT_VERSION = 5.0;
				TARGETED_DEVICE_FAMILY = "1,2";
				TEST_HOST = "$(BUILT_PRODUCTS_DIR)/Test Wallet.app/$(BUNDLE_EXECUTABLE_FOLDER_PATH)/Test Wallet";
			};
			name = Release;
		};
		30B11AE329C9AE4700A6BBF8 /* Debug */ = {
			isa = XCBuildConfiguration;
			buildSettings = {
				ALWAYS_EMBED_SWIFT_STANDARD_LIBRARIES = YES;
				CODE_SIGN_STYLE = Automatic;
				CURRENT_PROJECT_VERSION = 1;
				DEAD_CODE_STRIPPING = YES;
				DEVELOPMENT_TEAM = RRJJL9M4MV;
				GENERATE_INFOPLIST_FILE = YES;
				IPHONEOS_DEPLOYMENT_TARGET = 16.2;
				MACOSX_DEPLOYMENT_TARGET = 13.1;
				MARKETING_VERSION = 1.0;
				PRODUCT_BUNDLE_IDENTIFIER = "iresh.studio.Test-WalletUITests";
				PRODUCT_NAME = "$(TARGET_NAME)";
				SDKROOT = auto;
				SUPPORTED_PLATFORMS = "iphoneos iphonesimulator macosx";
				SWIFT_EMIT_LOC_STRINGS = NO;
				SWIFT_VERSION = 5.0;
				TARGETED_DEVICE_FAMILY = "1,2";
				TEST_TARGET_NAME = "Test Wallet";
			};
			name = Debug;
		};
		30B11AE429C9AE4700A6BBF8 /* Release */ = {
			isa = XCBuildConfiguration;
			buildSettings = {
				ALWAYS_EMBED_SWIFT_STANDARD_LIBRARIES = YES;
				CODE_SIGN_STYLE = Automatic;
				CURRENT_PROJECT_VERSION = 1;
				DEAD_CODE_STRIPPING = YES;
				DEVELOPMENT_TEAM = RRJJL9M4MV;
				GENERATE_INFOPLIST_FILE = YES;
				IPHONEOS_DEPLOYMENT_TARGET = 16.2;
				MACOSX_DEPLOYMENT_TARGET = 13.1;
				MARKETING_VERSION = 1.0;
				PRODUCT_BUNDLE_IDENTIFIER = "iresh.studio.Test-WalletUITests";
				PRODUCT_NAME = "$(TARGET_NAME)";
				SDKROOT = auto;
				SUPPORTED_PLATFORMS = "iphoneos iphonesimulator macosx";
				SWIFT_EMIT_LOC_STRINGS = NO;
				SWIFT_VERSION = 5.0;
				TARGETED_DEVICE_FAMILY = "1,2";
				TEST_TARGET_NAME = "Test Wallet";
			};
			name = Release;
		};
/* End XCBuildConfiguration section */

/* Begin XCConfigurationList section */
		30B11AB229C9AE4600A6BBF8 /* Build configuration list for PBXProject "Test Wallet" */ = {
			isa = XCConfigurationList;
			buildConfigurations = (
				30B11ADA29C9AE4700A6BBF8 /* Debug */,
				30B11ADB29C9AE4700A6BBF8 /* Release */,
			);
			defaultConfigurationIsVisible = 0;
			defaultConfigurationName = Release;
		};
		30B11ADC29C9AE4700A6BBF8 /* Build configuration list for PBXNativeTarget "Test Wallet" */ = {
			isa = XCConfigurationList;
			buildConfigurations = (
				30B11ADD29C9AE4700A6BBF8 /* Debug */,
				30B11ADE29C9AE4700A6BBF8 /* Release */,
			);
			defaultConfigurationIsVisible = 0;
			defaultConfigurationName = Release;
		};
		30B11ADF29C9AE4700A6BBF8 /* Build configuration list for PBXNativeTarget "Test WalletTests" */ = {
			isa = XCConfigurationList;
			buildConfigurations = (
				30B11AE029C9AE4700A6BBF8 /* Debug */,
				30B11AE129C9AE4700A6BBF8 /* Release */,
			);
			defaultConfigurationIsVisible = 0;
			defaultConfigurationName = Release;
		};
		30B11AE229C9AE4700A6BBF8 /* Build configuration list for PBXNativeTarget "Test WalletUITests" */ = {
			isa = XCConfigurationList;
			buildConfigurations = (
				30B11AE329C9AE4700A6BBF8 /* Debug */,
				30B11AE429C9AE4700A6BBF8 /* Release */,
			);
			defaultConfigurationIsVisible = 0;
			defaultConfigurationName = Release;
		};
/* End XCConfigurationList section */

/* Begin XCRemoteSwiftPackageReference section */
		30307E1929E55C6100EC8555 /* XCRemoteSwiftPackageReference "Starscream" */ = {
			isa = XCRemoteSwiftPackageReference;
			repositoryURL = "https://github.com/daltoniam/Starscream";
			requirement = {
				kind = upToNextMajorVersion;
				minimumVersion = 3.0.0;
			};
		};
		30B11AE529C9B14400A6BBF8 /* XCRemoteSwiftPackageReference "Web3.swift" */ = {
			isa = XCRemoteSwiftPackageReference;
			repositoryURL = "https://github.com/Boilertalk/Web3.swift.git";
			requirement = {
				branch = master;
				kind = branch;
			};
		};
		30B11AF429CC5C4600A6BBF8 /* XCRemoteSwiftPackageReference "WalletConnectSwiftV2" */ = {
			isa = XCRemoteSwiftPackageReference;
			repositoryURL = "https://github.com/WalletConnect/WalletConnectSwiftV2";
			requirement = {
				branch = main;
				kind = branch;
			};
		};
		30C9FD262A0EA67400EFB97D /* XCRemoteSwiftPackageReference "Moya" */ = {
			isa = XCRemoteSwiftPackageReference;
			repositoryURL = "https://github.com/Moya/Moya.git";
			requirement = {
				kind = upToNextMajorVersion;
				minimumVersion = 15.0.0;
			};
		};
/* End XCRemoteSwiftPackageReference section */

/* Begin XCSwiftPackageProductDependency section */
		30307E1A29E55C6100EC8555 /* Starscream */ = {
			isa = XCSwiftPackageProductDependency;
			package = 30307E1929E55C6100EC8555 /* XCRemoteSwiftPackageReference "Starscream" */;
			productName = Starscream;
		};
		30B11AE629C9B14400A6BBF8 /* Web3 */ = {
			isa = XCSwiftPackageProductDependency;
			package = 30B11AE529C9B14400A6BBF8 /* XCRemoteSwiftPackageReference "Web3.swift" */;
			productName = Web3;
		};
		30B11AE829C9B14400A6BBF8 /* Web3ContractABI */ = {
			isa = XCSwiftPackageProductDependency;
			package = 30B11AE529C9B14400A6BBF8 /* XCRemoteSwiftPackageReference "Web3.swift" */;
			productName = Web3ContractABI;
		};
		30B11AEA29C9B14400A6BBF8 /* Web3PromiseKit */ = {
			isa = XCSwiftPackageProductDependency;
			package = 30B11AE529C9B14400A6BBF8 /* XCRemoteSwiftPackageReference "Web3.swift" */;
			productName = Web3PromiseKit;
		};
		30B11AF529CC5C4600A6BBF8 /* WalletConnect */ = {
			isa = XCSwiftPackageProductDependency;
			package = 30B11AF429CC5C4600A6BBF8 /* XCRemoteSwiftPackageReference "WalletConnectSwiftV2" */;
			productName = WalletConnect;
		};
		30B11AF729CC5C4600A6BBF8 /* WalletConnectAuth */ = {
			isa = XCSwiftPackageProductDependency;
			package = 30B11AF429CC5C4600A6BBF8 /* XCRemoteSwiftPackageReference "WalletConnectSwiftV2" */;
			productName = WalletConnectAuth;
		};
		30B11AF929CC5C4600A6BBF8 /* WalletConnectChat */ = {
			isa = XCSwiftPackageProductDependency;
			package = 30B11AF429CC5C4600A6BBF8 /* XCRemoteSwiftPackageReference "WalletConnectSwiftV2" */;
			productName = WalletConnectChat;
		};
		30B11AFB29CC5C4600A6BBF8 /* WalletConnectEcho */ = {
			isa = XCSwiftPackageProductDependency;
			package = 30B11AF429CC5C4600A6BBF8 /* XCRemoteSwiftPackageReference "WalletConnectSwiftV2" */;
			productName = WalletConnectEcho;
		};
		30B11AFD29CC5C4600A6BBF8 /* WalletConnectNetworking */ = {
			isa = XCSwiftPackageProductDependency;
			package = 30B11AF429CC5C4600A6BBF8 /* XCRemoteSwiftPackageReference "WalletConnectSwiftV2" */;
			productName = WalletConnectNetworking;
		};
		30B11AFF29CC5C4600A6BBF8 /* WalletConnectPairing */ = {
			isa = XCSwiftPackageProductDependency;
			package = 30B11AF429CC5C4600A6BBF8 /* XCRemoteSwiftPackageReference "WalletConnectSwiftV2" */;
			productName = WalletConnectPairing;
		};
		30B11B0129CC5C4600A6BBF8 /* WalletConnectPush */ = {
			isa = XCSwiftPackageProductDependency;
			package = 30B11AF429CC5C4600A6BBF8 /* XCRemoteSwiftPackageReference "WalletConnectSwiftV2" */;
			productName = WalletConnectPush;
		};
		30B11B0329CC5C4600A6BBF8 /* WalletConnectRouter */ = {
			isa = XCSwiftPackageProductDependency;
			package = 30B11AF429CC5C4600A6BBF8 /* XCRemoteSwiftPackageReference "WalletConnectSwiftV2" */;
			productName = WalletConnectRouter;
		};
		30B11B0529CC5C4600A6BBF8 /* WalletConnectVerify */ = {
			isa = XCSwiftPackageProductDependency;
			package = 30B11AF429CC5C4600A6BBF8 /* XCRemoteSwiftPackageReference "WalletConnectSwiftV2" */;
			productName = WalletConnectVerify;
		};
		30B11B0729CC5C4600A6BBF8 /* Web3Inbox */ = {
			isa = XCSwiftPackageProductDependency;
			package = 30B11AF429CC5C4600A6BBF8 /* XCRemoteSwiftPackageReference "WalletConnectSwiftV2" */;
			productName = Web3Inbox;
		};
		30B11B0929CC5C4600A6BBF8 /* Web3Wallet */ = {
			isa = XCSwiftPackageProductDependency;
			package = 30B11AF429CC5C4600A6BBF8 /* XCRemoteSwiftPackageReference "WalletConnectSwiftV2" */;
			productName = Web3Wallet;
		};
		30C9FD272A0EA67400EFB97D /* CombineMoya */ = {
			isa = XCSwiftPackageProductDependency;
			package = 30C9FD262A0EA67400EFB97D /* XCRemoteSwiftPackageReference "Moya" */;
			productName = CombineMoya;
		};
		30C9FD292A0EA67400EFB97D /* Moya */ = {
			isa = XCSwiftPackageProductDependency;
			package = 30C9FD262A0EA67400EFB97D /* XCRemoteSwiftPackageReference "Moya" */;
			productName = Moya;
		};
/* End XCSwiftPackageProductDependency section */
	};
	rootObject = 30B11AAF29C9AE4600A6BBF8 /* Project object */;
}
